// !$*UTF8*$!
{
	archiveVersion = 1;
	classes = {
	};
	objectVersion = 56;
	objects = {

/* Begin PBXBuildFile section */
		552A40612C50D07E002199F6 /* AppDelegate.swift in Sources */ = {isa = PBXBuildFile; fileRef = 552A40602C50D07E002199F6 /* AppDelegate.swift */; };
		552A40632C50D07E002199F6 /* SceneDelegate.swift in Sources */ = {isa = PBXBuildFile; fileRef = 552A40622C50D07E002199F6 /* SceneDelegate.swift */; };
		552A40652C50D07E002199F6 /* ViewController.swift in Sources */ = {isa = PBXBuildFile; fileRef = 552A40642C50D07E002199F6 /* ViewController.swift */; };
		552A40682C50D07E002199F6 /* Base in Resources */ = {isa = PBXBuildFile; fileRef = 552A40672C50D07E002199F6 /* Base */; };
		552A406A2C50D080002199F6 /* Assets.xcassets in Resources */ = {isa = PBXBuildFile; fileRef = 552A40692C50D080002199F6 /* Assets.xcassets */; };
		552A406D2C50D080002199F6 /* Base in Resources */ = {isa = PBXBuildFile; fileRef = 552A406C2C50D080002199F6 /* Base */; };
		552A40782C50D080002199F6 /* LinkedOutTests.swift in Sources */ = {isa = PBXBuildFile; fileRef = 552A40772C50D080002199F6 /* LinkedOutTests.swift */; };
		552A40822C50D080002199F6 /* LinkedOutUITests.swift in Sources */ = {isa = PBXBuildFile; fileRef = 552A40812C50D080002199F6 /* LinkedOutUITests.swift */; };
		552A40842C50D080002199F6 /* LinkedOutUITestsLaunchTests.swift in Sources */ = {isa = PBXBuildFile; fileRef = 552A40832C50D080002199F6 /* LinkedOutUITestsLaunchTests.swift */; };
/* End PBXBuildFile section */

/* Begin PBXContainerItemProxy section */
		552A40742C50D080002199F6 /* PBXContainerItemProxy */ = {
			isa = PBXContainerItemProxy;
			containerPortal = 552A40552C50D07E002199F6 /* Project object */;
			proxyType = 1;
			remoteGlobalIDString = 552A405C2C50D07E002199F6;
			remoteInfo = LinkedOut;
		};
		552A407E2C50D080002199F6 /* PBXContainerItemProxy */ = {
			isa = PBXContainerItemProxy;
			containerPortal = 552A40552C50D07E002199F6 /* Project object */;
			proxyType = 1;
			remoteGlobalIDString = 552A405C2C50D07E002199F6;
			remoteInfo = LinkedOut;
		};
/* End PBXContainerItemProxy section */

/* Begin PBXFileReference section */
		552A405D2C50D07E002199F6 /* LinkedOut.app */ = {isa = PBXFileReference; explicitFileType = wrapper.application; includeInIndex = 0; path = LinkedOut.app; sourceTree = BUILT_PRODUCTS_DIR; };
		552A40602C50D07E002199F6 /* AppDelegate.swift */ = {isa = PBXFileReference; lastKnownFileType = sourcecode.swift; path = AppDelegate.swift; sourceTree = "<group>"; };
		552A40622C50D07E002199F6 /* SceneDelegate.swift */ = {isa = PBXFileReference; lastKnownFileType = sourcecode.swift; path = SceneDelegate.swift; sourceTree = "<group>"; };
		552A40642C50D07E002199F6 /* ViewController.swift */ = {isa = PBXFileReference; lastKnownFileType = sourcecode.swift; path = ViewController.swift; sourceTree = "<group>"; };
		552A40672C50D07E002199F6 /* Base */ = {isa = PBXFileReference; lastKnownFileType = file.storyboard; name = Base; path = Base.lproj/Main.storyboard; sourceTree = "<group>"; };
		552A40692C50D080002199F6 /* Assets.xcassets */ = {isa = PBXFileReference; lastKnownFileType = folder.assetcatalog; path = Assets.xcassets; sourceTree = "<group>"; };
		552A406C2C50D080002199F6 /* Base */ = {isa = PBXFileReference; lastKnownFileType = file.storyboard; name = Base; path = Base.lproj/LaunchScreen.storyboard; sourceTree = "<group>"; };
		552A406E2C50D080002199F6 /* Info.plist */ = {isa = PBXFileReference; lastKnownFileType = text.plist.xml; path = Info.plist; sourceTree = "<group>"; };
		552A40732C50D080002199F6 /* LinkedOutTests.xctest */ = {isa = PBXFileReference; explicitFileType = wrapper.cfbundle; includeInIndex = 0; path = LinkedOutTests.xctest; sourceTree = BUILT_PRODUCTS_DIR; };
		552A40772C50D080002199F6 /* LinkedOutTests.swift */ = {isa = PBXFileReference; lastKnownFileType = sourcecode.swift; path = LinkedOutTests.swift; sourceTree = "<group>"; };
		552A407D2C50D080002199F6 /* LinkedOutUITests.xctest */ = {isa = PBXFileReference; explicitFileType = wrapper.cfbundle; includeInIndex = 0; path = LinkedOutUITests.xctest; sourceTree = BUILT_PRODUCTS_DIR; };
		552A40812C50D080002199F6 /* LinkedOutUITests.swift */ = {isa = PBXFileReference; lastKnownFileType = sourcecode.swift; path = LinkedOutUITests.swift; sourceTree = "<group>"; };
		552A40832C50D080002199F6 /* LinkedOutUITestsLaunchTests.swift */ = {isa = PBXFileReference; lastKnownFileType = sourcecode.swift; path = LinkedOutUITestsLaunchTests.swift; sourceTree = "<group>"; };
/* End PBXFileReference section */

/* Begin PBXFrameworksBuildPhase section */
		552A405A2C50D07E002199F6 /* Frameworks */ = {
			isa = PBXFrameworksBuildPhase;
			buildActionMask = 2147483647;
			files = (
			);
			runOnlyForDeploymentPostprocessing = 0;
		};
		552A40702C50D080002199F6 /* Frameworks */ = {
			isa = PBXFrameworksBuildPhase;
			buildActionMask = 2147483647;
			files = (
			);
			runOnlyForDeploymentPostprocessing = 0;
		};
		552A407A2C50D080002199F6 /* Frameworks */ = {
			isa = PBXFrameworksBuildPhase;
			buildActionMask = 2147483647;
			files = (
			);
			runOnlyForDeploymentPostprocessing = 0;
		};
/* End PBXFrameworksBuildPhase section */

/* Begin PBXGroup section */
		552A40542C50D07E002199F6 = {
			isa = PBXGroup;
			children = (
				552A405F2C50D07E002199F6 /* LinkedOut */,
				552A40762C50D080002199F6 /* LinkedOutTests */,
				552A40802C50D080002199F6 /* LinkedOutUITests */,
				552A405E2C50D07E002199F6 /* Products */,
			);
			sourceTree = "<group>";
		};
		552A405E2C50D07E002199F6 /* Products */ = {
			isa = PBXGroup;
			children = (
				552A405D2C50D07E002199F6 /* LinkedOut.app */,
				552A40732C50D080002199F6 /* LinkedOutTests.xctest */,
				552A407D2C50D080002199F6 /* LinkedOutUITests.xctest */,
			);
			name = Products;
			sourceTree = "<group>";
		};
		552A405F2C50D07E002199F6 /* LinkedOut */ = {
			isa = PBXGroup;
			children = (
				552A40602C50D07E002199F6 /* AppDelegate.swift */,
				552A40622C50D07E002199F6 /* SceneDelegate.swift */,
				552A40642C50D07E002199F6 /* ViewController.swift */,
				552A40662C50D07E002199F6 /* Main.storyboard */,
				552A40692C50D080002199F6 /* Assets.xcassets */,
				552A406B2C50D080002199F6 /* LaunchScreen.storyboard */,
				552A406E2C50D080002199F6 /* Info.plist */,
			);
			path = LinkedOut;
			sourceTree = "<group>";
		};
		552A40762C50D080002199F6 /* LinkedOutTests */ = {
			isa = PBXGroup;
			children = (
				552A40772C50D080002199F6 /* LinkedOutTests.swift */,
			);
			path = LinkedOutTests;
			sourceTree = "<group>";
		};
		552A40802C50D080002199F6 /* LinkedOutUITests */ = {
			isa = PBXGroup;
			children = (
				552A40812C50D080002199F6 /* LinkedOutUITests.swift */,
				552A40832C50D080002199F6 /* LinkedOutUITestsLaunchTests.swift */,
			);
			path = LinkedOutUITests;
			sourceTree = "<group>";
		};
/* End PBXGroup section */

/* Begin PBXNativeTarget section */
		552A405C2C50D07E002199F6 /* LinkedOut */ = {
			isa = PBXNativeTarget;
			buildConfigurationList = 552A40872C50D080002199F6 /* Build configuration list for PBXNativeTarget "LinkedOut" */;
			buildPhases = (
				552A40592C50D07E002199F6 /* Sources */,
				552A405A2C50D07E002199F6 /* Frameworks */,
				552A405B2C50D07E002199F6 /* Resources */,
			);
			buildRules = (
			);
			dependencies = (
			);
			name = LinkedOut;
			productName = LinkedOut;
			productReference = 552A405D2C50D07E002199F6 /* LinkedOut.app */;
			productType = "com.apple.product-type.application";
		};
		552A40722C50D080002199F6 /* LinkedOutTests */ = {
			isa = PBXNativeTarget;
			buildConfigurationList = 552A408A2C50D080002199F6 /* Build configuration list for PBXNativeTarget "LinkedOutTests" */;
			buildPhases = (
				552A406F2C50D080002199F6 /* Sources */,
				552A40702C50D080002199F6 /* Frameworks */,
				552A40712C50D080002199F6 /* Resources */,
			);
			buildRules = (
			);
			dependencies = (
				552A40752C50D080002199F6 /* PBXTargetDependency */,
			);
			name = LinkedOutTests;
			productName = LinkedOutTests;
			productReference = 552A40732C50D080002199F6 /* LinkedOutTests.xctest */;
			productType = "com.apple.product-type.bundle.unit-test";
		};
		552A407C2C50D080002199F6 /* LinkedOutUITests */ = {
			isa = PBXNativeTarget;
			buildConfigurationList = 552A408D2C50D080002199F6 /* Build configuration list for PBXNativeTarget "LinkedOutUITests" */;
			buildPhases = (
				552A40792C50D080002199F6 /* Sources */,
				552A407A2C50D080002199F6 /* Frameworks */,
				552A407B2C50D080002199F6 /* Resources */,
			);
			buildRules = (
			);
			dependencies = (
				552A407F2C50D080002199F6 /* PBXTargetDependency */,
			);
			name = LinkedOutUITests;
			productName = LinkedOutUITests;
			productReference = 552A407D2C50D080002199F6 /* LinkedOutUITests.xctest */;
			productType = "com.apple.product-type.bundle.ui-testing";
		};
/* End PBXNativeTarget section */

/* Begin PBXProject section */
		552A40552C50D07E002199F6 /* Project object */ = {
			isa = PBXProject;
			attributes = {
				BuildIndependentTargetsInParallel = 1;
				LastSwiftUpdateCheck = 1530;
				LastUpgradeCheck = 1530;
				TargetAttributes = {
					552A405C2C50D07E002199F6 = {
						CreatedOnToolsVersion = 15.3;
					};
					552A40722C50D080002199F6 = {
						CreatedOnToolsVersion = 15.3;
						TestTargetID = 552A405C2C50D07E002199F6;
					};
					552A407C2C50D080002199F6 = {
						CreatedOnToolsVersion = 15.3;
						TestTargetID = 552A405C2C50D07E002199F6;
					};
				};
			};
			buildConfigurationList = 552A40582C50D07E002199F6 /* Build configuration list for PBXProject "LinkedOut" */;
			compatibilityVersion = "Xcode 14.0";
			developmentRegion = en;
			hasScannedForEncodings = 0;
			knownRegions = (
				en,
				Base,
			);
			mainGroup = 552A40542C50D07E002199F6;
			productRefGroup = 552A405E2C50D07E002199F6 /* Products */;
			projectDirPath = "";
			projectRoot = "";
			targets = (
				552A405C2C50D07E002199F6 /* LinkedOut */,
				552A40722C50D080002199F6 /* LinkedOutTests */,
				552A407C2C50D080002199F6 /* LinkedOutUITests */,
			);
		};
/* End PBXProject section */

/* Begin PBXResourcesBuildPhase section */
		552A405B2C50D07E002199F6 /* Resources */ = {
			isa = PBXResourcesBuildPhase;
			buildActionMask = 2147483647;
			files = (
				552A406A2C50D080002199F6 /* Assets.xcassets in Resources */,
				552A406D2C50D080002199F6 /* Base in Resources */,
				552A40682C50D07E002199F6 /* Base in Resources */,
			);
			runOnlyForDeploymentPostprocessing = 0;
		};
		552A40712C50D080002199F6 /* Resources */ = {
			isa = PBXResourcesBuildPhase;
			buildActionMask = 2147483647;
			files = (
			);
			runOnlyForDeploymentPostprocessing = 0;
		};
		552A407B2C50D080002199F6 /* Resources */ = {
			isa = PBXResourcesBuildPhase;
			buildActionMask = 2147483647;
			files = (
			);
			runOnlyForDeploymentPostprocessing = 0;
		};
/* End PBXResourcesBuildPhase section */

/* Begin PBXSourcesBuildPhase section */
		552A40592C50D07E002199F6 /* Sources */ = {
			isa = PBXSourcesBuildPhase;
			buildActionMask = 2147483647;
			files = (
				552A40652C50D07E002199F6 /* ViewController.swift in Sources */,
				552A40612C50D07E002199F6 /* AppDelegate.swift in Sources */,
				552A40632C50D07E002199F6 /* SceneDelegate.swift in Sources */,
			);
			runOnlyForDeploymentPostprocessing = 0;
		};
		552A406F2C50D080002199F6 /* Sources */ = {
			isa = PBXSourcesBuildPhase;
			buildActionMask = 2147483647;
			files = (
				552A40782C50D080002199F6 /* LinkedOutTests.swift in Sources */,
			);
			runOnlyForDeploymentPostprocessing = 0;
		};
		552A40792C50D080002199F6 /* Sources */ = {
			isa = PBXSourcesBuildPhase;
			buildActionMask = 2147483647;
			files = (
				552A40842C50D080002199F6 /* LinkedOutUITestsLaunchTests.swift in Sources */,
				552A40822C50D080002199F6 /* LinkedOutUITests.swift in Sources */,
			);
			runOnlyForDeploymentPostprocessing = 0;
		};
/* End PBXSourcesBuildPhase section */

/* Begin PBXTargetDependency section */
		552A40752C50D080002199F6 /* PBXTargetDependency */ = {
			isa = PBXTargetDependency;
			target = 552A405C2C50D07E002199F6 /* LinkedOut */;
			targetProxy = 552A40742C50D080002199F6 /* PBXContainerItemProxy */;
		};
		552A407F2C50D080002199F6 /* PBXTargetDependency */ = {
			isa = PBXTargetDependency;
			target = 552A405C2C50D07E002199F6 /* LinkedOut */;
			targetProxy = 552A407E2C50D080002199F6 /* PBXContainerItemProxy */;
		};
/* End PBXTargetDependency section */

/* Begin PBXVariantGroup section */
		552A40662C50D07E002199F6 /* Main.storyboard */ = {
			isa = PBXVariantGroup;
			children = (
				552A40672C50D07E002199F6 /* Base */,
			);
			name = Main.storyboard;
			sourceTree = "<group>";
		};
		552A406B2C50D080002199F6 /* LaunchScreen.storyboard */ = {
			isa = PBXVariantGroup;
			children = (
				552A406C2C50D080002199F6 /* Base */,
			);
			name = LaunchScreen.storyboard;
			sourceTree = "<group>";
		};
/* End PBXVariantGroup section */

/* Begin XCBuildConfiguration section */
		552A40852C50D080002199F6 /* Debug */ = {
			isa = XCBuildConfiguration;
			buildSettings = {
				ALWAYS_SEARCH_USER_PATHS = NO;
				ASSETCATALOG_COMPILER_GENERATE_SWIFT_ASSET_SYMBOL_EXTENSIONS = YES;
				CLANG_ANALYZER_NONNULL = YES;
				CLANG_ANALYZER_NUMBER_OBJECT_CONVERSION = YES_AGGRESSIVE;
				CLANG_CXX_LANGUAGE_STANDARD = "gnu++20";
				CLANG_ENABLE_MODULES = YES;
				CLANG_ENABLE_OBJC_ARC = YES;
				CLANG_ENABLE_OBJC_WEAK = YES;
				CLANG_WARN_BLOCK_CAPTURE_AUTORELEASING = YES;
				CLANG_WARN_BOOL_CONVERSION = YES;
				CLANG_WARN_COMMA = YES;
				CLANG_WARN_CONSTANT_CONVERSION = YES;
				CLANG_WARN_DEPRECATED_OBJC_IMPLEMENTATIONS = YES;
				CLANG_WARN_DIRECT_OBJC_ISA_USAGE = YES_ERROR;
				CLANG_WARN_DOCUMENTATION_COMMENTS = YES;
				CLANG_WARN_EMPTY_BODY = YES;
				CLANG_WARN_ENUM_CONVERSION = YES;
				CLANG_WARN_INFINITE_RECURSION = YES;
				CLANG_WARN_INT_CONVERSION = YES;
				CLANG_WARN_NON_LITERAL_NULL_CONVERSION = YES;
				CLANG_WARN_OBJC_IMPLICIT_RETAIN_SELF = YES;
				CLANG_WARN_OBJC_LITERAL_CONVERSION = YES;
				CLANG_WARN_OBJC_ROOT_CLASS = YES_ERROR;
				CLANG_WARN_QUOTED_INCLUDE_IN_FRAMEWORK_HEADER = YES;
				CLANG_WARN_RANGE_LOOP_ANALYSIS = YES;
				CLANG_WARN_STRICT_PROTOTYPES = YES;
				CLANG_WARN_SUSPICIOUS_MOVE = YES;
				CLANG_WARN_UNGUARDED_AVAILABILITY = YES_AGGRESSIVE;
				CLANG_WARN_UNREACHABLE_CODE = YES;
				CLANG_WARN__DUPLICATE_METHOD_MATCH = YES;
				COPY_PHASE_STRIP = NO;
				DEBUG_INFORMATION_FORMAT = dwarf;
				ENABLE_STRICT_OBJC_MSGSEND = YES;
				ENABLE_TESTABILITY = YES;
				ENABLE_USER_SCRIPT_SANDBOXING = YES;
				GCC_C_LANGUAGE_STANDARD = gnu17;
				GCC_DYNAMIC_NO_PIC = NO;
				GCC_NO_COMMON_BLOCKS = YES;
				GCC_OPTIMIZATION_LEVEL = 0;
				GCC_PREPROCESSOR_DEFINITIONS = (
					"DEBUG=1",
					"$(inherited)",
				);
				GCC_WARN_64_TO_32_BIT_CONVERSION = YES;
				GCC_WARN_ABOUT_RETURN_TYPE = YES_ERROR;
				GCC_WARN_UNDECLARED_SELECTOR = YES;
				GCC_WARN_UNINITIALIZED_AUTOS = YES_AGGRESSIVE;
				GCC_WARN_UNUSED_FUNCTION = YES;
				GCC_WARN_UNUSED_VARIABLE = YES;
				IPHONEOS_DEPLOYMENT_TARGET = 17.4;
				LOCALIZATION_PREFERS_STRING_CATALOGS = YES;
				MTL_ENABLE_DEBUG_INFO = INCLUDE_SOURCE;
				MTL_FAST_MATH = YES;
				ONLY_ACTIVE_ARCH = YES;
				SDKROOT = iphoneos;
				SWIFT_ACTIVE_COMPILATION_CONDITIONS = "DEBUG $(inherited)";
				SWIFT_OPTIMIZATION_LEVEL = "-Onone";
			};
			name = Debug;
		};
		552A40862C50D080002199F6 /* Release */ = {
			isa = XCBuildConfiguration;
			buildSettings = {
				ALWAYS_SEARCH_USER_PATHS = NO;
				ASSETCATALOG_COMPILER_GENERATE_SWIFT_ASSET_SYMBOL_EXTENSIONS = YES;
				CLANG_ANALYZER_NONNULL = YES;
				CLANG_ANALYZER_NUMBER_OBJECT_CONVERSION = YES_AGGRESSIVE;
				CLANG_CXX_LANGUAGE_STANDARD = "gnu++20";
				CLANG_ENABLE_MODULES = YES;
				CLANG_ENABLE_OBJC_ARC = YES;
				CLANG_ENABLE_OBJC_WEAK = YES;
				CLANG_WARN_BLOCK_CAPTURE_AUTORELEASING = YES;
				CLANG_WARN_BOOL_CONVERSION = YES;
				CLANG_WARN_COMMA = YES;
				CLANG_WARN_CONSTANT_CONVERSION = YES;
				CLANG_WARN_DEPRECATED_OBJC_IMPLEMENTATIONS = YES;
				CLANG_WARN_DIRECT_OBJC_ISA_USAGE = YES_ERROR;
				CLANG_WARN_DOCUMENTATION_COMMENTS = YES;
				CLANG_WARN_EMPTY_BODY = YES;
				CLANG_WARN_ENUM_CONVERSION = YES;
				CLANG_WARN_INFINITE_RECURSION = YES;
				CLANG_WARN_INT_CONVERSION = YES;
				CLANG_WARN_NON_LITERAL_NULL_CONVERSION = YES;
				CLANG_WARN_OBJC_IMPLICIT_RETAIN_SELF = YES;
				CLANG_WARN_OBJC_LITERAL_CONVERSION = YES;
				CLANG_WARN_OBJC_ROOT_CLASS = YES_ERROR;
				CLANG_WARN_QUOTED_INCLUDE_IN_FRAMEWORK_HEADER = YES;
				CLANG_WARN_RANGE_LOOP_ANALYSIS = YES;
				CLANG_WARN_STRICT_PROTOTYPES = YES;
				CLANG_WARN_SUSPICIOUS_MOVE = YES;
				CLANG_WARN_UNGUARDED_AVAILABILITY = YES_AGGRESSIVE;
				CLANG_WARN_UNREACHABLE_CODE = YES;
				CLANG_WARN__DUPLICATE_METHOD_MATCH = YES;
				COPY_PHASE_STRIP = NO;
				DEBUG_INFORMATION_FORMAT = "dwarf-with-dsym";
				ENABLE_NS_ASSERTIONS = NO;
				ENABLE_STRICT_OBJC_MSGSEND = YES;
				ENABLE_USER_SCRIPT_SANDBOXING = YES;
				GCC_C_LANGUAGE_STANDARD = gnu17;
				GCC_NO_COMMON_BLOCKS = YES;
				GCC_WARN_64_TO_32_BIT_CONVERSION = YES;
				GCC_WARN_ABOUT_RETURN_TYPE = YES_ERROR;
				GCC_WARN_UNDECLARED_SELECTOR = YES;
				GCC_WARN_UNINITIALIZED_AUTOS = YES_AGGRESSIVE;
				GCC_WARN_UNUSED_FUNCTION = YES;
				GCC_WARN_UNUSED_VARIABLE = YES;
				IPHONEOS_DEPLOYMENT_TARGET = 17.4;
				LOCALIZATION_PREFERS_STRING_CATALOGS = YES;
				MTL_ENABLE_DEBUG_INFO = NO;
				MTL_FAST_MATH = YES;
				SDKROOT = iphoneos;
				SWIFT_COMPILATION_MODE = wholemodule;
				VALIDATE_PRODUCT = YES;
			};
			name = Release;
		};
		552A40882C50D080002199F6 /* Debug */ = {
			isa = XCBuildConfiguration;
			buildSettings = {
				ASSETCATALOG_COMPILER_APPICON_NAME = AppIcon;
				ASSETCATALOG_COMPILER_GLOBAL_ACCENT_COLOR_NAME = AccentColor;
				CODE_SIGN_STYLE = Automatic;
				CURRENT_PROJECT_VERSION = 1;
				DEVELOPMENT_TEAM = 6SPJDQW2Q7;
				GENERATE_INFOPLIST_FILE = YES;
				INFOPLIST_FILE = LinkedOut/Info.plist;
				INFOPLIST_KEY_UIApplicationSupportsIndirectInputEvents = YES;
				INFOPLIST_KEY_UILaunchStoryboardName = LaunchScreen;
				INFOPLIST_KEY_UIMainStoryboardFile = Main;
				INFOPLIST_KEY_UISupportedInterfaceOrientations_iPad = "UIInterfaceOrientationPortrait UIInterfaceOrientationPortraitUpsideDown UIInterfaceOrientationLandscapeLeft UIInterfaceOrientationLandscapeRight";
				INFOPLIST_KEY_UISupportedInterfaceOrientations_iPhone = "UIInterfaceOrientationPortrait UIInterfaceOrientationLandscapeLeft UIInterfaceOrientationLandscapeRight";
				LD_RUNPATH_SEARCH_PATHS = (
					"$(inherited)",
					"@executable_path/Frameworks",
				);
				MARKETING_VERSION = 1.0;
				PRODUCT_BUNDLE_IDENTIFIER = com.linkedout.LinkedOut;
				PRODUCT_NAME = "$(TARGET_NAME)";
				SWIFT_EMIT_LOC_STRINGS = YES;
				SWIFT_VERSION = 5.0;
				TARGETED_DEVICE_FAMILY = "1,2";
			};
			name = Debug;
		};
		552A40892C50D080002199F6 /* Release */ = {
			isa = XCBuildConfiguration;
			buildSettings = {
				ASSETCATALOG_COMPILER_APPICON_NAME = AppIcon;
				ASSETCATALOG_COMPILER_GLOBAL_ACCENT_COLOR_NAME = AccentColor;
				CODE_SIGN_STYLE = Automatic;
				CURRENT_PROJECT_VERSION = 1;
				DEVELOPMENT_TEAM = 6SPJDQW2Q7;
				GENERATE_INFOPLIST_FILE = YES;
				INFOPLIST_FILE = LinkedOut/Info.plist;
				INFOPLIST_KEY_UIApplicationSupportsIndirectInputEvents = YES;
				INFOPLIST_KEY_UILaunchStoryboardName = LaunchScreen;
				INFOPLIST_KEY_UIMainStoryboardFile = Main;
				INFOPLIST_KEY_UISupportedInterfaceOrientations_iPad = "UIInterfaceOrientationPortrait UIInterfaceOrientationPortraitUpsideDown UIInterfaceOrientationLandscapeLeft UIInterfaceOrientationLandscapeRight";
				INFOPLIST_KEY_UISupportedInterfaceOrientations_iPhone = "UIInterfaceOrientationPortrait UIInterfaceOrientationLandscapeLeft UIInterfaceOrientationLandscapeRight";
				LD_RUNPATH_SEARCH_PATHS = (
					"$(inherited)",
					"@executable_path/Frameworks",
				);
				MARKETING_VERSION = 1.0;
				PRODUCT_BUNDLE_IDENTIFIER = com.linkedout.LinkedOut;
				PRODUCT_NAME = "$(TARGET_NAME)";
				SWIFT_EMIT_LOC_STRINGS = YES;
				SWIFT_VERSION = 5.0;
				TARGETED_DEVICE_FAMILY = "1,2";
			};
			name = Release;
		};
		552A408B2C50D080002199F6 /* Debug */ = {
			isa = XCBuildConfiguration;
			buildSettings = {
				ALWAYS_EMBED_SWIFT_STANDARD_LIBRARIES = YES;
				BUNDLE_LOADER = "$(TEST_HOST)";
				CODE_SIGN_STYLE = Automatic;
				CURRENT_PROJECT_VERSION = 1;
				DEVELOPMENT_TEAM = 6SPJDQW2Q7;
				GENERATE_INFOPLIST_FILE = YES;
				IPHONEOS_DEPLOYMENT_TARGET = 17.4;
				MARKETING_VERSION = 1.0;
				PRODUCT_BUNDLE_IDENTIFIER = com.linkedout.LinkedOutTests;
				PRODUCT_NAME = "$(TARGET_NAME)";
				SWIFT_EMIT_LOC_STRINGS = NO;
				SWIFT_VERSION = 5.0;
				TARGETED_DEVICE_FAMILY = "1,2";
				TEST_HOST = "$(BUILT_PRODUCTS_DIR)/LinkedOut.app/$(BUNDLE_EXECUTABLE_FOLDER_PATH)/LinkedOut";
			};
			name = Debug;
		};
		552A408C2C50D080002199F6 /* Release */ = {
			isa = XCBuildConfiguration;
			buildSettings = {
				ALWAYS_EMBED_SWIFT_STANDARD_LIBRARIES = YES;
				BUNDLE_LOADER = "$(TEST_HOST)";
				CODE_SIGN_STYLE = Automatic;
				CURRENT_PROJECT_VERSION = 1;
				DEVELOPMENT_TEAM = 6SPJDQW2Q7;
				GENERATE_INFOPLIST_FILE = YES;
				IPHONEOS_DEPLOYMENT_TARGET = 17.4;
				MARKETING_VERSION = 1.0;
				PRODUCT_BUNDLE_IDENTIFIER = com.linkedout.LinkedOutTests;
				PRODUCT_NAME = "$(TARGET_NAME)";
				SWIFT_EMIT_LOC_STRINGS = NO;
				SWIFT_VERSION = 5.0;
				TARGETED_DEVICE_FAMILY = "1,2";
				TEST_HOST = "$(BUILT_PRODUCTS_DIR)/LinkedOut.app/$(BUNDLE_EXECUTABLE_FOLDER_PATH)/LinkedOut";
			};
			name = Release;
		};
		552A408E2C50D080002199F6 /* Debug */ = {
			isa = XCBuildConfiguration;
			buildSettings = {
				ALWAYS_EMBED_SWIFT_STANDARD_LIBRARIES = YES;
				CODE_SIGN_STYLE = Automatic;
				CURRENT_PROJECT_VERSION = 1;
				DEVELOPMENT_TEAM = 6SPJDQW2Q7;
				GENERATE_INFOPLIST_FILE = YES;
				MARKETING_VERSION = 1.0;
				PRODUCT_BUNDLE_IDENTIFIER = com.linkedout.LinkedOutUITests;
				PRODUCT_NAME = "$(TARGET_NAME)";
				SWIFT_EMIT_LOC_STRINGS = NO;
				SWIFT_VERSION = 5.0;
				TARGETED_DEVICE_FAMILY = "1,2";
				TEST_TARGET_NAME = LinkedOut;
			};
			name = Debug;
		};
		552A408F2C50D080002199F6 /* Release */ = {
			isa = XCBuildConfiguration;
			buildSettings = {
				ALWAYS_EMBED_SWIFT_STANDARD_LIBRARIES = YES;
				CODE_SIGN_STYLE = Automatic;
				CURRENT_PROJECT_VERSION = 1;
				DEVELOPMENT_TEAM = 6SPJDQW2Q7;
				GENERATE_INFOPLIST_FILE = YES;
				MARKETING_VERSION = 1.0;
				PRODUCT_BUNDLE_IDENTIFIER = com.linkedout.LinkedOutUITests;
				PRODUCT_NAME = "$(TARGET_NAME)";
				SWIFT_EMIT_LOC_STRINGS = NO;
				SWIFT_VERSION = 5.0;
				TARGETED_DEVICE_FAMILY = "1,2";
				TEST_TARGET_NAME = LinkedOut;
			};
			name = Release;
		};
/* End XCBuildConfiguration section */

/* Begin XCConfigurationList section */
		552A40582C50D07E002199F6 /* Build configuration list for PBXProject "LinkedOut" */ = {
			isa = XCConfigurationList;
			buildConfigurations = (
				552A40852C50D080002199F6 /* Debug */,
				552A40862C50D080002199F6 /* Release */,
			);
			defaultConfigurationIsVisible = 0;
			defaultConfigurationName = Release;
		};
		552A40872C50D080002199F6 /* Build configuration list for PBXNativeTarget "LinkedOut" */ = {
			isa = XCConfigurationList;
			buildConfigurations = (
				552A40882C50D080002199F6 /* Debug */,
				552A40892C50D080002199F6 /* Release */,
			);
			defaultConfigurationIsVisible = 0;
			defaultConfigurationName = Release;
		};
		552A408A2C50D080002199F6 /* Build configuration list for PBXNativeTarget "LinkedOutTests" */ = {
			isa = XCConfigurationList;
			buildConfigurations = (
				552A408B2C50D080002199F6 /* Debug */,
				552A408C2C50D080002199F6 /* Release */,
			);
			defaultConfigurationIsVisible = 0;
			defaultConfigurationName = Release;
		};
		552A408D2C50D080002199F6 /* Build configuration list for PBXNativeTarget "LinkedOutUITests" */ = {
			isa = XCConfigurationList;
			buildConfigurations = (
				552A408E2C50D080002199F6 /* Debug */,
				552A408F2C50D080002199F6 /* Release */,
			);
			defaultConfigurationIsVisible = 0;
			defaultConfigurationName = Release;
		};
/* End XCConfigurationList section */
	};
	rootObject = 552A40552C50D07E002199F6 /* Project object */;
}
